
Microsoft Visual Studio Solution File, Format Version 12.00
# Visual Studio 15
VisualStudioVersion = 15.0.28010.2041
MinimumVisualStudioVersion = 10.0.40219.1
Project("{FAE04EC0-301F-11D3-BF4B-00C04F79EFBC}") = "CQRS.API", "CQRS\CQRS.API.csproj", "{7C7442B3-0853-4FE5-A0CB-7D9A526D9A7D}"
EndProject
Project("{FAE04EC0-301F-11D3-BF4B-00C04F79EFBC}") = "CQRS.Domain", "CQRS.Domain\CQRS.Domain.csproj", "{E1C9A75D-B22E-4A37-B4F2-45C4DF113ADA}"
EndProject
Global
	GlobalSection(SolutionConfigurationPlatforms) = preSolution
		Debug|Any CPU = Debug|Any CPU
		Release|Any CPU = Release|Any CPU
	EndGlobalSection
	GlobalSection(ProjectConfigurationPlatforms) = postSolution
		{7C7442B3-0853-4FE5-A0CB-7D9A526D9A7D}.Debug|Any CPU.ActiveCfg = Debug|Any CPU
		{7C7442B3-0853-4FE5-A0CB-7D9A526D9A7D}.Debug|Any CPU.Build.0 = Debug|Any CPU
		{7C7442B3-0853-4FE5-A0CB-7D9A526D9A7D}.Release|Any CPU.ActiveCfg = Release|Any CPU
		{7C7442B3-0853-4FE5-A0CB-7D9A526D9A7D}.Release|Any CPU.Build.0 = Release|Any CPU
		{E1C9A75D-B22E-4A37-B4F2-45C4DF113ADA}.Debug|Any CPU.ActiveCfg = Debug|Any CPU
		{E1C9A75D-B22E-4A37-B4F2-45C4DF113ADA}.Debug|Any CPU.Build.0 = Debug|Any CPU
		{E1C9A75D-B22E-4A37-B4F2-45C4DF113ADA}.Release|Any CPU.ActiveCfg = Release|Any CPU
		{E1C9A75D-B22E-4A37-B4F2-45C4DF113ADA}.Release|Any CPU.Build.0 = Release|Any CPU
	EndGlobalSection
	GlobalSection(SolutionProperties) = preSolution
		HideSolutionNode = FALSE
	EndGlobalSection
	GlobalSection(ExtensibilityGlobals) = postSolution
		SolutionGuid = {575B9E34-A87B-42C2-8979-71DA59EA8F26}
	EndGlobalSection
EndGlobal
